PODS:
  - Flutter (1.0.0)
  - isw_flutter (0.0.1):
    - Flutter

DEPENDENCIES:
  - Flutter (from `Flutter`)
  - isw_flutter (from `.symlinks/plugins/isw_flutter/ios`)

EXTERNAL SOURCES:
  Flutter:
    :path: Flutter
  isw_flutter:
    :path: ".symlinks/plugins/isw_flutter/ios"

SPEC CHECKSUMS:
  Flutter: 50d75fe2f02b26cc09d224853bb45737f8b3214a
  isw_flutter: a5ca63b12401355f31645fa2ab577da46230fb4a

PODFILE CHECKSUM: 77d0d722b6abe52770e2e867eb505d754782b6d7

COCOAPODS: 1.11.3
